<Solution>
  <Project Path="FishNet.Codegen.Cecil.csproj" />
  <Project Path="FishNet.Runtime.csproj" />
  <Project Path="GameKit.Dependencies.csproj" />
  <Project Path="Starfire.csproj" />
  <Project Path="Unity.FishNet.Codegen.csproj" />
  <Project Path="FishNet.Demos.csproj" />
  <Project Path="Assembly-CSharp.csproj" />
</Solution>
